
Microsoft Visual Studio Solution File, Format Version 12.00
# Visual Studio Version 16
VisualStudioVersion = 16.0.30406.217
MinimumVisualStudioVersion = 10.0.40219.1
Project("{888888A0-9F3D-457C-B088-3A5042F75D52}") = "Adventure Gam", "Adventure Gam\Adventure Gam.pyproj", "{5E455BEC-8D55-49D3-A575-797018238EFA}"
EndProject
Global
	GlobalSection(SolutionConfigurationPlatforms) = preSolution
		Debug|Any CPU = Debug|Any CPU
		Release|Any CPU = Release|Any CPU
	EndGlobalSection
	GlobalSection(ProjectConfigurationPlatforms) = postSolution
		{5E455BEC-8D55-49D3-A575-797018238EFA}.Debug|Any CPU.ActiveCfg = Debug|Any CPU
		{5E455BEC-8D55-49D3-A575-797018238EFA}.Release|Any CPU.ActiveCfg = Release|Any CPU
	EndGlobalSection
	GlobalSection(SolutionProperties) = preSolution
		HideSolutionNode = FALSE
	EndGlobalSection
	GlobalSection(ExtensibilityGlobals) = postSolution
		SolutionGuid = {B05FB889-8BF7-43AC-9AE3-F958D3A82166}
	EndGlobalSection
EndGlobal
